
Microsoft Visual Studio Solution File, Format Version 12.00
# Visual Studio Version 16
VisualStudioVersion = 16.0.30204.135
MinimumVisualStudioVersion = 10.0.40219.1
Project("{FAE04EC0-301F-11D3-BF4B-00C04F79EFBC}") = "WinsOSTest", "WinsOSTest\WinsOSTest.csproj", "{AB75980D-BEBA-4F09-A2E0-E935C661B54E}"
EndProject
Global
	GlobalSection(SolutionConfigurationPlatforms) = preSolution
		Debug|Any CPU = Debug|Any CPU
		Release|Any CPU = Release|Any CPU
	EndGlobalSection
	GlobalSection(ProjectConfigurationPlatforms) = postSolution
		{AB75980D-BEBA-4F09-A2E0-E935C661B54E}.Debug|Any CPU.ActiveCfg = Debug|Any CPU
		{AB75980D-BEBA-4F09-A2E0-E935C661B54E}.Debug|Any CPU.Build.0 = Debug|Any CPU
		{AB75980D-BEBA-4F09-A2E0-E935C661B54E}.Release|Any CPU.ActiveCfg = Release|Any CPU
		{AB75980D-BEBA-4F09-A2E0-E935C661B54E}.Release|Any CPU.Build.0 = Release|Any CPU
	EndGlobalSection
	GlobalSection(SolutionProperties) = preSolution
		HideSolutionNode = FALSE
	EndGlobalSection
	GlobalSection(ExtensibilityGlobals) = postSolution
		SolutionGuid = {EE198F56-4FDD-4B80-89F4-3CDE0F870B9C}
	EndGlobalSection
EndGlobal
